
Microsoft Visual Studio Solution File, Format Version 12.00
# Visual Studio Version 16
VisualStudioVersion = 16.0.29230.47
MinimumVisualStudioVersion = 10.0.40219.1
Project("{8BC9CEB8-8B4A-11D0-8D11-00A0C91BC942}") = "pdf1_zad1-3", "labyPJC\labyPJC.vcxproj", "{7BDE4CFE-13AB-48A4-9FD6-F97EDC0CEA5F}"
EndProject
Project("{8BC9CEB8-8B4A-11D0-8D11-00A0C91BC942}") = "pdf2_zad2", "pdf2_zad2\pdf2_zad2.vcxproj", "{03516E54-2E79-4DE7-823F-DF6265B5E85B}"
EndProject
Project("{8BC9CEB8-8B4A-11D0-8D11-00A0C91BC942}") = "pdf2_zad3", "pdf2_zad3\pdf2_zad3.vcxproj", "{9AD9D274-8018-4772-A533-7860C9A4256C}"
EndProject
Project("{8BC9CEB8-8B4A-11D0-8D11-00A0C91BC942}") = "pdf2_zad4", "pdf2_zad4\pdf2_zad4.vcxproj", "{3CA5A454-F9B3-46D3-98DC-47973898B11D}"
EndProject
Project("{8BC9CEB8-8B4A-11D0-8D11-00A0C91BC942}") = "pdf3_zad2", "pdf3_zad2\pdf3_zad2.vcxproj", "{2CF29EB9-1F58-48D6-8A74-A8708D78843F}"
EndProject
Project("{8BC9CEB8-8B4A-11D0-8D11-00A0C91BC942}") = "pdf3_zad3", "pdf3_zad3\pdf3_zad3.vcxproj", "{7FD80A85-CC0E-44BB-B2E9-22401798982D}"
EndProject
Project("{8BC9CEB8-8B4A-11D0-8D11-00A0C91BC942}") = "pdf3_zad4", "pdf3_zad4\pdf3_zad4.vcxproj", "{9E4D7F85-62BF-4114-A237-60C3426F36D3}"
EndProject
Project("{8BC9CEB8-8B4A-11D0-8D11-00A0C91BC942}") = "pdf4_zad1", "pdf4_zad1\pdf4_zad1.vcxproj", "{22BD4915-C80E-4A89-9F59-255041EBF93F}"
EndProject
Project("{8BC9CEB8-8B4A-11D0-8D11-00A0C91BC942}") = "pdf4_zad2", "pdf4_zad2\pdf4_zad2.vcxproj", "{D1A3F93D-D7A6-444D-9779-A91FC8E1F114}"
EndProject
Project("{8BC9CEB8-8B4A-11D0-8D11-00A0C91BC942}") = "pdf5_zad2", "pdf5_zad2\pdf5_zad2.vcxproj", "{1A0F4A1A-59B0-4B3D-882F-D51A085A80C9}"
EndProject
Project("{8BC9CEB8-8B4A-11D0-8D11-00A0C91BC942}") = "pdf5_zad3", "pdf5_zad3\pdf5_zad3.vcxproj", "{19751053-29DF-4915-B98D-3DD8C8D49A4A}"
EndProject
Project("{8BC9CEB8-8B4A-11D0-8D11-00A0C91BC942}") = "pdf6_zad1", "pdf6_zad1\pdf6_zad1.vcxproj", "{E88F2EBC-6A1E-44E9-BB7B-E7EC039EF4E6}"
EndProject
Global
	GlobalSection(SolutionConfigurationPlatforms) = preSolution
		Debug|x64 = Debug|x64
		Debug|x86 = Debug|x86
		Release|x64 = Release|x64
		Release|x86 = Release|x86
	EndGlobalSection
	GlobalSection(ProjectConfigurationPlatforms) = postSolution
		{7BDE4CFE-13AB-48A4-9FD6-F97EDC0CEA5F}.Debug|x64.ActiveCfg = Debug|x64
		{7BDE4CFE-13AB-48A4-9FD6-F97EDC0CEA5F}.Debug|x64.Build.0 = Debug|x64
		{7BDE4CFE-13AB-48A4-9FD6-F97EDC0CEA5F}.Debug|x86.ActiveCfg = Debug|Win32
		{7BDE4CFE-13AB-48A4-9FD6-F97EDC0CEA5F}.Debug|x86.Build.0 = Debug|Win32
		{7BDE4CFE-13AB-48A4-9FD6-F97EDC0CEA5F}.Release|x64.ActiveCfg = Release|x64
		{7BDE4CFE-13AB-48A4-9FD6-F97EDC0CEA5F}.Release|x64.Build.0 = Release|x64
		{7BDE4CFE-13AB-48A4-9FD6-F97EDC0CEA5F}.Release|x86.ActiveCfg = Release|Win32
		{7BDE4CFE-13AB-48A4-9FD6-F97EDC0CEA5F}.Release|x86.Build.0 = Release|Win32
		{03516E54-2E79-4DE7-823F-DF6265B5E85B}.Debug|x64.ActiveCfg = Debug|x64
		{03516E54-2E79-4DE7-823F-DF6265B5E85B}.Debug|x64.Build.0 = Debug|x64
		{03516E54-2E79-4DE7-823F-DF6265B5E85B}.Debug|x86.ActiveCfg = Debug|Win32
		{03516E54-2E79-4DE7-823F-DF6265B5E85B}.Debug|x86.Build.0 = Debug|Win32
		{03516E54-2E79-4DE7-823F-DF6265B5E85B}.Release|x64.ActiveCfg = Release|x64
		{03516E54-2E79-4DE7-823F-DF6265B5E85B}.Release|x64.Build.0 = Release|x64
		{03516E54-2E79-4DE7-823F-DF6265B5E85B}.Release|x86.ActiveCfg = Release|Win32
		{03516E54-2E79-4DE7-823F-DF6265B5E85B}.Release|x86.Build.0 = Release|Win32
		{9AD9D274-8018-4772-A533-7860C9A4256C}.Debug|x64.ActiveCfg = Debug|x64
		{9AD9D274-8018-4772-A533-7860C9A4256C}.Debug|x64.Build.0 = Debug|x64
		{9AD9D274-8018-4772-A533-7860C9A4256C}.Debug|x86.ActiveCfg = Debug|Win32
		{9AD9D274-8018-4772-A533-7860C9A4256C}.Debug|x86.Build.0 = Debug|Win32
		{9AD9D274-8018-4772-A533-7860C9A4256C}.Release|x64.ActiveCfg = Release|x64
		{9AD9D274-8018-4772-A533-7860C9A4256C}.Release|x64.Build.0 = Release|x64
		{9AD9D274-8018-4772-A533-7860C9A4256C}.Release|x86.ActiveCfg = Release|Win32
		{9AD9D274-8018-4772-A533-7860C9A4256C}.Release|x86.Build.0 = Release|Win32
		{3CA5A454-F9B3-46D3-98DC-47973898B11D}.Debug|x64.ActiveCfg = Debug|x64
		{3CA5A454-F9B3-46D3-98DC-47973898B11D}.Debug|x64.Build.0 = Debug|x64
		{3CA5A454-F9B3-46D3-98DC-47973898B11D}.Debug|x86.ActiveCfg = Debug|Win32
		{3CA5A454-F9B3-46D3-98DC-47973898B11D}.Debug|x86.Build.0 = Debug|Win32
		{3CA5A454-F9B3-46D3-98DC-47973898B11D}.Release|x64.ActiveCfg = Release|x64
		{3CA5A454-F9B3-46D3-98DC-47973898B11D}.Release|x64.Build.0 = Release|x64
		{3CA5A454-F9B3-46D3-98DC-47973898B11D}.Release|x86.ActiveCfg = Release|Win32
		{3CA5A454-F9B3-46D3-98DC-47973898B11D}.Release|x86.Build.0 = Release|Win32
		{2CF29EB9-1F58-48D6-8A74-A8708D78843F}.Debug|x64.ActiveCfg = Debug|x64
		{2CF29EB9-1F58-48D6-8A74-A8708D78843F}.Debug|x64.Build.0 = Debug|x64
		{2CF29EB9-1F58-48D6-8A74-A8708D78843F}.Debug|x86.ActiveCfg = Debug|Win32
		{2CF29EB9-1F58-48D6-8A74-A8708D78843F}.Debug|x86.Build.0 = Debug|Win32
		{2CF29EB9-1F58-48D6-8A74-A8708D78843F}.Release|x64.ActiveCfg = Release|x64
		{2CF29EB9-1F58-48D6-8A74-A8708D78843F}.Release|x64.Build.0 = Release|x64
		{2CF29EB9-1F58-48D6-8A74-A8708D78843F}.Release|x86.ActiveCfg = Release|Win32
		{2CF29EB9-1F58-48D6-8A74-A8708D78843F}.Release|x86.Build.0 = Release|Win32
		{7FD80A85-CC0E-44BB-B2E9-22401798982D}.Debug|x64.ActiveCfg = Debug|x64
		{7FD80A85-CC0E-44BB-B2E9-22401798982D}.Debug|x64.Build.0 = Debug|x64
		{7FD80A85-CC0E-44BB-B2E9-22401798982D}.Debug|x86.ActiveCfg = Debug|Win32
		{7FD80A85-CC0E-44BB-B2E9-22401798982D}.Debug|x86.Build.0 = Debug|Win32
		{7FD80A85-CC0E-44BB-B2E9-22401798982D}.Release|x64.ActiveCfg = Release|x64
		{7FD80A85-CC0E-44BB-B2E9-22401798982D}.Release|x64.Build.0 = Release|x64
		{7FD80A85-CC0E-44BB-B2E9-22401798982D}.Release|x86.ActiveCfg = Release|Win32
		{7FD80A85-CC0E-44BB-B2E9-22401798982D}.Release|x86.Build.0 = Release|Win32
		{9E4D7F85-62BF-4114-A237-60C3426F36D3}.Debug|x64.ActiveCfg = Debug|x64
		{9E4D7F85-62BF-4114-A237-60C3426F36D3}.Debug|x64.Build.0 = Debug|x64
		{9E4D7F85-62BF-4114-A237-60C3426F36D3}.Debug|x86.ActiveCfg = Debug|Win32
		{9E4D7F85-62BF-4114-A237-60C3426F36D3}.Debug|x86.Build.0 = Debug|Win32
		{9E4D7F85-62BF-4114-A237-60C3426F36D3}.Release|x64.ActiveCfg = Release|x64
		{9E4D7F85-62BF-4114-A237-60C3426F36D3}.Release|x64.Build.0 = Release|x64
		{9E4D7F85-62BF-4114-A237-60C3426F36D3}.Release|x86.ActiveCfg = Release|Win32
		{9E4D7F85-62BF-4114-A237-60C3426F36D3}.Release|x86.Build.0 = Release|Win32
		{22BD4915-C80E-4A89-9F59-255041EBF93F}.Debug|x64.ActiveCfg = Debug|x64
		{22BD4915-C80E-4A89-9F59-255041EBF93F}.Debug|x64.Build.0 = Debug|x64
		{22BD4915-C80E-4A89-9F59-255041EBF93F}.Debug|x86.ActiveCfg = Debug|Win32
		{22BD4915-C80E-4A89-9F59-255041EBF93F}.Debug|x86.Build.0 = Debug|Win32
		{22BD4915-C80E-4A89-9F59-255041EBF93F}.Release|x64.ActiveCfg = Release|x64
		{22BD4915-C80E-4A89-9F59-255041EBF93F}.Release|x64.Build.0 = Release|x64
		{22BD4915-C80E-4A89-9F59-255041EBF93F}.Release|x86.ActiveCfg = Release|Win32
		{22BD4915-C80E-4A89-9F59-255041EBF93F}.Release|x86.Build.0 = Release|Win32
		{D1A3F93D-D7A6-444D-9779-A91FC8E1F114}.Debug|x64.ActiveCfg = Debug|x64
		{D1A3F93D-D7A6-444D-9779-A91FC8E1F114}.Debug|x64.Build.0 = Debug|x64
		{D1A3F93D-D7A6-444D-9779-A91FC8E1F114}.Debug|x86.ActiveCfg = Debug|Win32
		{D1A3F93D-D7A6-444D-9779-A91FC8E1F114}.Debug|x86.Build.0 = Debug|Win32
		{D1A3F93D-D7A6-444D-9779-A91FC8E1F114}.Release|x64.ActiveCfg = Release|x64
		{D1A3F93D-D7A6-444D-9779-A91FC8E1F114}.Release|x64.Build.0 = Release|x64
		{D1A3F93D-D7A6-444D-9779-A91FC8E1F114}.Release|x86.ActiveCfg = Release|Win32
		{D1A3F93D-D7A6-444D-9779-A91FC8E1F114}.Release|x86.Build.0 = Release|Win32
		{1A0F4A1A-59B0-4B3D-882F-D51A085A80C9}.Debug|x64.ActiveCfg = Debug|x64
		{1A0F4A1A-59B0-4B3D-882F-D51A085A80C9}.Debug|x64.Build.0 = Debug|x64
		{1A0F4A1A-59B0-4B3D-882F-D51A085A80C9}.Debug|x86.ActiveCfg = Debug|Win32
		{1A0F4A1A-59B0-4B3D-882F-D51A085A80C9}.Debug|x86.Build.0 = Debug|Win32
		{1A0F4A1A-59B0-4B3D-882F-D51A085A80C9}.Release|x64.ActiveCfg = Release|x64
		{1A0F4A1A-59B0-4B3D-882F-D51A085A80C9}.Release|x64.Build.0 = Release|x64
		{1A0F4A1A-59B0-4B3D-882F-D51A085A80C9}.Release|x86.ActiveCfg = Release|Win32
		{1A0F4A1A-59B0-4B3D-882F-D51A085A80C9}.Release|x86.Build.0 = Release|Win32
		{19751053-29DF-4915-B98D-3DD8C8D49A4A}.Debug|x64.ActiveCfg = Debug|x64
		{19751053-29DF-4915-B98D-3DD8C8D49A4A}.Debug|x64.Build.0 = Debug|x64
		{19751053-29DF-4915-B98D-3DD8C8D49A4A}.Debug|x86.ActiveCfg = Debug|Win32
		{19751053-29DF-4915-B98D-3DD8C8D49A4A}.Debug|x86.Build.0 = Debug|Win32
		{19751053-29DF-4915-B98D-3DD8C8D49A4A}.Release|x64.ActiveCfg = Release|x64
		{19751053-29DF-4915-B98D-3DD8C8D49A4A}.Release|x64.Build.0 = Release|x64
		{19751053-29DF-4915-B98D-3DD8C8D49A4A}.Release|x86.ActiveCfg = Release|Win32
		{19751053-29DF-4915-B98D-3DD8C8D49A4A}.Release|x86.Build.0 = Release|Win32
		{E88F2EBC-6A1E-44E9-BB7B-E7EC039EF4E6}.Debug|x64.ActiveCfg = Debug|x64
		{E88F2EBC-6A1E-44E9-BB7B-E7EC039EF4E6}.Debug|x64.Build.0 = Debug|x64
		{E88F2EBC-6A1E-44E9-BB7B-E7EC039EF4E6}.Debug|x86.ActiveCfg = Debug|Win32
		{E88F2EBC-6A1E-44E9-BB7B-E7EC039EF4E6}.Debug|x86.Build.0 = Debug|Win32
		{E88F2EBC-6A1E-44E9-BB7B-E7EC039EF4E6}.Release|x64.ActiveCfg = Release|x64
		{E88F2EBC-6A1E-44E9-BB7B-E7EC039EF4E6}.Release|x64.Build.0 = Release|x64
		{E88F2EBC-6A1E-44E9-BB7B-E7EC039EF4E6}.Release|x86.ActiveCfg = Release|Win32
		{E88F2EBC-6A1E-44E9-BB7B-E7EC039EF4E6}.Release|x86.Build.0 = Release|Win32
	EndGlobalSection
	GlobalSection(SolutionProperties) = preSolution
		HideSolutionNode = FALSE
	EndGlobalSection
	GlobalSection(ExtensibilityGlobals) = postSolution
		SolutionGuid = {15CF9C1D-6BD8-407C-87E5-E59C6F69B0C0}
	EndGlobalSection
EndGlobal
